{
  "nodes": {
    "flakeNimbleLib": {
      "inputs": {
        "nixpkgs": [
          "nixpkgs"
        ]
      },
      "locked": {
        "lastModified": 1662018438,
        "narHash": "sha256-QtNtU6+LX3Wokxf0zlFwKTFOcn6TeDjKQZ+DA9OYtvM=",
        "owner": "riinr",
        "repo": "nim-flakes-lib",
        "rev": "b1fe8340736e3a85d25c709ac3dfd82a55c03cbf",
        "type": "github"
      },
      "original": {
        "owner": "riinr",
        "ref": "master",
        "repo": "nim-flakes-lib",
        "type": "github"
      }
    },
    "mapbits-1_0": {
      "inputs": {
        "flakeNimbleLib": [
          "flakeNimbleLib"
        ],
        "nixpkgs": [
          "nixpkgs"
        ],
        "src-mapbits-1_0": "src-mapbits-1_0"
      },
      "locked": {
        "dir": "1_0",
        "lastModified": 1662254599,
        "narHash": "sha256-SXNTKvUMUwiSCAEoIhEEBRGFA05L1mFEBzStPR3c/U4=",
        "owner": "nim-nix-pkgs",
        "repo": "mapbits",
        "rev": "9fbb7ace11b9753844747fa6f554d94860923c0d",
        "type": "github"
      },
      "original": {
        "dir": "1_0",
        "owner": "nim-nix-pkgs",
        "ref": "master",
        "repo": "mapbits",
        "type": "github"
      }
    },
    "mapbits-master": {
      "inputs": {
        "flakeNimbleLib": [
          "flakeNimbleLib"
        ],
        "nixpkgs": [
          "nixpkgs"
        ],
        "src-mapbits-master": "src-mapbits-master"
      },
      "locked": {
        "dir": "master",
        "lastModified": 1662254599,
        "narHash": "sha256-SXNTKvUMUwiSCAEoIhEEBRGFA05L1mFEBzStPR3c/U4=",
        "owner": "nim-nix-pkgs",
        "repo": "mapbits",
        "rev": "9fbb7ace11b9753844747fa6f554d94860923c0d",
        "type": "github"
      },
      "original": {
        "dir": "master",
        "owner": "nim-nix-pkgs",
        "ref": "master",
        "repo": "mapbits",
        "type": "github"
      }
    },
    "nixpkgs": {
      "locked": {
        "lastModified": 1667110639,
        "narHash": "sha256-4FbPESZ5LbqQxkJJJBAfk/zKgF9h/4kyUwjjpJwYlbc=",
        "owner": "NixOS",
        "repo": "nixpkgs",
        "rev": "f38a1f04d1bec1feb61fd101a0539ae2002a7087",
        "type": "github"
      },
      "original": {
        "id": "nixpkgs",
        "type": "indirect"
      }
    },
    "root": {
      "inputs": {
        "flakeNimbleLib": "flakeNimbleLib",
        "mapbits-1_0": "mapbits-1_0",
        "mapbits-master": "mapbits-master",
        "nixpkgs": "nixpkgs"
      }
    },
    "src-mapbits-1_0": {
      "flake": false,
      "locked": {
        "lastModified": 1471041293,
        "narHash": "sha256-G4xrK3hmEyN4ji0sC4044HOim+KYLHgYLrlw64/soYM=",
        "owner": "jlp765",
        "repo": "mapbits",
        "rev": "e27d7d3cdea6030d80c46e653ec63848833714c1",
        "type": "github"
      },
      "original": {
        "owner": "jlp765",
        "ref": "refs/tags/1.0",
        "repo": "mapbits",
        "type": "github"
      }
    },
    "src-mapbits-master": {
      "flake": false,
      "locked": {
        "lastModified": 1471041293,
        "narHash": "sha256-G4xrK3hmEyN4ji0sC4044HOim+KYLHgYLrlw64/soYM=",
        "owner": "jlp765",
        "repo": "mapbits",
        "rev": "e27d7d3cdea6030d80c46e653ec63848833714c1",
        "type": "github"
      },
      "original": {
        "owner": "jlp765",
        "ref": "refs/heads/master",
        "repo": "mapbits",
        "type": "github"
      }
    }
  },
  "root": "root",
  "version": 7
}
